
Microsoft Visual Studio Solution File, Format Version 12.00
# Visual Studio Version 17
VisualStudioVersion = 17.10.35122.118
MinimumVisualStudioVersion = 10.0.40219.1
Project("{FAE04EC0-301F-11D3-BF4B-00C04F79EFBC}") = "Project_Management_system", "Project_Management_system.csproj", "{1A4A16A1-DE25-4529-A1D0-5A8F02FD7917}"
EndProject
Global
	GlobalSection(SolutionConfigurationPlatforms) = preSolution
		Debug|Any CPU = Debug|Any CPU
		Release|Any CPU = Release|Any CPU
	EndGlobalSection
	GlobalSection(ProjectConfigurationPlatforms) = postSolution
		{1A4A16A1-DE25-4529-A1D0-5A8F02FD7917}.Debug|Any CPU.ActiveCfg = Debug|Any CPU
		{1A4A16A1-DE25-4529-A1D0-5A8F02FD7917}.Debug|Any CPU.Build.0 = Debug|Any CPU
		{1A4A16A1-DE25-4529-A1D0-5A8F02FD7917}.Release|Any CPU.ActiveCfg = Release|Any CPU
		{1A4A16A1-DE25-4529-A1D0-5A8F02FD7917}.Release|Any CPU.Build.0 = Release|Any CPU
	EndGlobalSection
	GlobalSection(SolutionProperties) = preSolution
		HideSolutionNode = FALSE
	EndGlobalSection
	GlobalSection(ExtensibilityGlobals) = postSolution
		SolutionGuid = {CCBB28E8-22E3-467C-AD8B-0EB6D82E6C7A}
	EndGlobalSection
EndGlobal
